
Microsoft Visual Studio Solution File, Format Version 12.00
# Visual Studio 15
VisualStudioVersion = 15.0.27130.2024
MinimumVisualStudioVersion = 10.0.40219.1
Project("{FAE04EC0-301F-11D3-BF4B-00C04F79EFBC}") = "SpeedTest", "SpeedTest\SpeedTest.csproj", "{2674D3D1-AADF-4F34-83B9-4AA936990015}"
EndProject
Global
	GlobalSection(SolutionConfigurationPlatforms) = preSolution
		Debug|Any CPU = Debug|Any CPU
		Release|Any CPU = Release|Any CPU
	EndGlobalSection
	GlobalSection(ProjectConfigurationPlatforms) = postSolution
		{2674D3D1-AADF-4F34-83B9-4AA936990015}.Debug|Any CPU.ActiveCfg = Debug|Any CPU
		{2674D3D1-AADF-4F34-83B9-4AA936990015}.Debug|Any CPU.Build.0 = Debug|Any CPU
		{2674D3D1-AADF-4F34-83B9-4AA936990015}.Release|Any CPU.ActiveCfg = Release|Any CPU
		{2674D3D1-AADF-4F34-83B9-4AA936990015}.Release|Any CPU.Build.0 = Release|Any CPU
	EndGlobalSection
	GlobalSection(SolutionProperties) = preSolution
		HideSolutionNode = FALSE
	EndGlobalSection
	GlobalSection(ExtensibilityGlobals) = postSolution
		SolutionGuid = {E7D63F66-D42C-4A36-A46E-F7FAA11F4EC9}
	EndGlobalSection
EndGlobal
